// !$*UTF8*$!
{
	archiveVersion = 1;
	classes = {
	};
	objectVersion = 46;
	objects = {

/* Begin PBXBuildFile section */
		0B06FEF41CE6342C00244A36 /* MDFColorCalculations.m in Sources */ = {isa = PBXBuildFile; fileRef = 0B06FEF31CE6342C00244A36 /* MDFColorCalculations.m */; };
		0B2890E91CE2732B009E605A /* MDFTextAccessibility.m in Sources */ = {isa = PBXBuildFile; fileRef = 0B2890D91CE272B6009E605A /* MDFTextAccessibility.m */; };
		0BDAE3D81CECC649003323B9 /* NSArray+MDFUtils.m in Sources */ = {isa = PBXBuildFile; fileRef = 0BDAE3D71CECC649003323B9 /* NSArray+MDFUtils.m */; };
		0BDAE3DA1CECD231003323B9 /* MDFImageCalculations.m in Sources */ = {isa = PBXBuildFile; fileRef = 0BDAE3D91CECD231003323B9 /* MDFImageCalculations.m */; };
		0BDAE3E51CECD3A6003323B9 /* libMDFTextAccessibility.a in Frameworks */ = {isa = PBXBuildFile; fileRef = 0B2890DF1CE2730C009E605A /* libMDFTextAccessibility.a */; };
		0BF99E7A1CF4F39200E6F9B9 /* MDFTextAccessibilityUnitTests.swift in Sources */ = {isa = PBXBuildFile; fileRef = 0BF99E781CF4F36300E6F9B9 /* MDFTextAccessibilityUnitTests.swift */; };
		414705A51D4D54CE00F983B8 /* 100_100_black.png in Resources */ = {isa = PBXBuildFile; fileRef = 414705A21D4D545400F983B8 /* 100_100_black.png */; };
		414705A61D4D54CE00F983B8 /* 100_100_gray.png in Resources */ = {isa = PBXBuildFile; fileRef = 414705A31D4D545400F983B8 /* 100_100_gray.png */; };
		414705A71D4D54CE00F983B8 /* 100_100_white.png in Resources */ = {isa = PBXBuildFile; fileRef = 414705A41D4D545400F983B8 /* 100_100_white.png */; };
/* End PBXBuildFile section */

/* Begin PBXContainerItemProxy section */
		0BDAE3E61CECD3A6003323B9 /* PBXContainerItemProxy */ = {
			isa = PBXContainerItemProxy;
			containerPortal = 0B2890D31CE27291009E605A /* Project object */;
			proxyType = 1;
			remoteGlobalIDString = 0B2890DE1CE2730C009E605A;
			remoteInfo = MDFTextAccessibility;
		};
/* End PBXContainerItemProxy section */

/* Begin PBXCopyFilesBuildPhase section */
		0B2890DD1CE2730C009E605A /* CopyFiles */ = {
			isa = PBXCopyFilesBuildPhase;
			buildActionMask = 2147483647;
			dstPath = "include/$(PRODUCT_NAME)";
			dstSubfolderSpec = 16;
			files = (
			);
			runOnlyForDeploymentPostprocessing = 0;
		};
/* End PBXCopyFilesBuildPhase section */

/* Begin PBXFileReference section */
		0B06FEE81CE3908C00244A36 /* CHANGELOG.md */ = {isa = PBXFileReference; fileEncoding = 4; lastKnownFileType = net.daringfireball.markdown; path = CHANGELOG.md; sourceTree = "<group>"; };
		0B06FEE91CE3908C00244A36 /* CONTRIBUTING.md */ = {isa = PBXFileReference; fileEncoding = 4; lastKnownFileType = net.daringfireball.markdown; path = CONTRIBUTING.md; sourceTree = "<group>"; };
		0B06FEEA1CE3908C00244A36 /* LICENSE */ = {isa = PBXFileReference; fileEncoding = 4; lastKnownFileType = text; path = LICENSE; sourceTree = "<group>"; };
		0B06FEEB1CE3908C00244A36 /* README.md */ = {isa = PBXFileReference; fileEncoding = 4; lastKnownFileType = net.daringfireball.markdown; path = README.md; sourceTree = "<group>"; };
		0B06FEF21CE6342C00244A36 /* MDFColorCalculations.h */ = {isa = PBXFileReference; fileEncoding = 4; lastKnownFileType = sourcecode.c.h; path = MDFColorCalculations.h; sourceTree = "<group>"; };
		0B06FEF31CE6342C00244A36 /* MDFColorCalculations.m */ = {isa = PBXFileReference; fileEncoding = 4; lastKnownFileType = sourcecode.c.objc; path = MDFColorCalculations.m; sourceTree = "<group>"; };
		0B2890D91CE272B6009E605A /* MDFTextAccessibility.m */ = {isa = PBXFileReference; lastKnownFileType = sourcecode.c.objc; name = MDFTextAccessibility.m; path = src/MDFTextAccessibility.m; sourceTree = SOURCE_ROOT; };
		0B2890DA1CE272B6009E605A /* MDFTextAccessibility.h */ = {isa = PBXFileReference; lastKnownFileType = sourcecode.c.h; name = MDFTextAccessibility.h; path = src/MDFTextAccessibility.h; sourceTree = SOURCE_ROOT; };
		0B2890DF1CE2730C009E605A /* libMDFTextAccessibility.a */ = {isa = PBXFileReference; explicitFileType = archive.ar; includeInIndex = 0; path = libMDFTextAccessibility.a; sourceTree = BUILT_PRODUCTS_DIR; };
		0B96D67A1D5CD06100491BDC /* MDFTextAccessibility.xcconfig */ = {isa = PBXFileReference; fileEncoding = 4; lastKnownFileType = text.xcconfig; path = MDFTextAccessibility.xcconfig; sourceTree = "<group>"; };
		0BDAE3D61CECC62D003323B9 /* NSArray+MDFUtils.h */ = {isa = PBXFileReference; lastKnownFileType = sourcecode.c.h; path = "NSArray+MDFUtils.h"; sourceTree = "<group>"; };
		0BDAE3D71CECC649003323B9 /* NSArray+MDFUtils.m */ = {isa = PBXFileReference; fileEncoding = 4; lastKnownFileType = sourcecode.c.objc; path = "NSArray+MDFUtils.m"; sourceTree = "<group>"; };
		0BDAE3D91CECD231003323B9 /* MDFImageCalculations.m */ = {isa = PBXFileReference; fileEncoding = 4; lastKnownFileType = sourcecode.c.objc; path = MDFImageCalculations.m; sourceTree = "<group>"; };
		0BDAE3DB1CECD256003323B9 /* MDFImageCalculations.h */ = {isa = PBXFileReference; lastKnownFileType = sourcecode.c.h; path = MDFImageCalculations.h; sourceTree = "<group>"; };
		0BDAE3E01CECD3A6003323B9 /* MDFTextAccessibilityUnitTests.xctest */ = {isa = PBXFileReference; explicitFileType = wrapper.cfbundle; includeInIndex = 0; path = MDFTextAccessibilityUnitTests.xctest; sourceTree = BUILT_PRODUCTS_DIR; };
		0BDAE3E41CECD3A6003323B9 /* Info.plist */ = {isa = PBXFileReference; lastKnownFileType = text.plist.xml; path = Info.plist; sourceTree = "<group>"; };
		0BDAE3EB1CECD4BC003323B9 /* MDFTextAccessibility-Bridging-Header.h */ = {isa = PBXFileReference; lastKnownFileType = sourcecode.c.h; path = "MDFTextAccessibility-Bridging-Header.h"; sourceTree = "<group>"; };
		0BDAE3EE1CECD7E2003323B9 /* module.modulemap */ = {isa = PBXFileReference; lastKnownFileType = "sourcecode.module-map"; path = module.modulemap; sourceTree = "<group>"; };
		0BF99E781CF4F36300E6F9B9 /* MDFTextAccessibilityUnitTests.swift */ = {isa = PBXFileReference; fileEncoding = 4; lastKnownFileType = sourcecode.swift; path = MDFTextAccessibilityUnitTests.swift; sourceTree = "<group>"; };
		414705A21D4D545400F983B8 /* 100_100_black.png */ = {isa = PBXFileReference; lastKnownFileType = image.png; path = 100_100_black.png; sourceTree = "<group>"; };
		414705A31D4D545400F983B8 /* 100_100_gray.png */ = {isa = PBXFileReference; lastKnownFileType = image.png; path = 100_100_gray.png; sourceTree = "<group>"; };
		414705A41D4D545400F983B8 /* 100_100_white.png */ = {isa = PBXFileReference; lastKnownFileType = image.png; path = 100_100_white.png; sourceTree = "<group>"; };
/* End PBXFileReference section */

/* Begin PBXFrameworksBuildPhase section */
		0B2890DC1CE2730C009E605A /* Frameworks */ = {
			isa = PBXFrameworksBuildPhase;
			buildActionMask = 2147483647;
			files = (
			);
			runOnlyForDeploymentPostprocessing = 0;
		};
		0BDAE3DD1CECD3A6003323B9 /* Frameworks */ = {
			isa = PBXFrameworksBuildPhase;
			buildActionMask = 2147483647;
			files = (
				0BDAE3E51CECD3A6003323B9 /* libMDFTextAccessibility.a in Frameworks */,
			);
			runOnlyForDeploymentPostprocessing = 0;
		};
/* End PBXFrameworksBuildPhase section */

/* Begin PBXGroup section */
		0B06FEF11CE6341500244A36 /* private */ = {
			isa = PBXGroup;
			children = (
				0B06FEF21CE6342C00244A36 /* MDFColorCalculations.h */,
				0B06FEF31CE6342C00244A36 /* MDFColorCalculations.m */,
				0BDAE3DB1CECD256003323B9 /* MDFImageCalculations.h */,
				0BDAE3D91CECD231003323B9 /* MDFImageCalculations.m */,
				0BDAE3D61CECC62D003323B9 /* NSArray+MDFUtils.h */,
				0BDAE3D71CECC649003323B9 /* NSArray+MDFUtils.m */,
			);
			path = private;
			sourceTree = "<group>";
		};
		0B1450FA1CE373B70087403D /* tests */ = {
			isa = PBXGroup;
			children = (
				414705A11D4D541400F983B8 /* resources */,
				0BDAE3E11CECD3A6003323B9 /* unit */,
			);
			path = tests;
			sourceTree = "<group>";
		};
		0B2890D21CE27291009E605A = {
			isa = PBXGroup;
			children = (
				0B06FEE81CE3908C00244A36 /* CHANGELOG.md */,
				0B06FEE91CE3908C00244A36 /* CONTRIBUTING.md */,
				0B06FEEA1CE3908C00244A36 /* LICENSE */,
				0B06FEEB1CE3908C00244A36 /* README.md */,
				0B96D67A1D5CD06100491BDC /* MDFTextAccessibility.xcconfig */,
				0B2890E11CE2730C009E605A /* src */,
				0B1450FA1CE373B70087403D /* tests */,
				FE2B30D3B645564E163F0C71 /* Frameworks */,
				0B2890E01CE2730C009E605A /* Products */,
			);
			sourceTree = "<group>";
		};
		0B2890E01CE2730C009E605A /* Products */ = {
			isa = PBXGroup;
			children = (
				0B2890DF1CE2730C009E605A /* libMDFTextAccessibility.a */,
				0BDAE3E01CECD3A6003323B9 /* MDFTextAccessibilityUnitTests.xctest */,
			);
			name = Products;
			sourceTree = "<group>";
		};
		0B2890E11CE2730C009E605A /* src */ = {
			isa = PBXGroup;
			children = (
				0BDAE3EB1CECD4BC003323B9 /* MDFTextAccessibility-Bridging-Header.h */,
				0B2890DA1CE272B6009E605A /* MDFTextAccessibility.h */,
				0B2890D91CE272B6009E605A /* MDFTextAccessibility.m */,
				0BDAE3EE1CECD7E2003323B9 /* module.modulemap */,
				0B06FEF11CE6341500244A36 /* private */,
			);
			path = src;
			sourceTree = SOURCE_ROOT;
		};
		0BDAE3E11CECD3A6003323B9 /* unit */ = {
			isa = PBXGroup;
			children = (
				0BF99E781CF4F36300E6F9B9 /* MDFTextAccessibilityUnitTests.swift */,
				0BDAE3E41CECD3A6003323B9 /* Info.plist */,
			);
			path = unit;
			sourceTree = "<group>";
		};
		414705A11D4D541400F983B8 /* resources */ = {
			isa = PBXGroup;
			children = (
				414705A21D4D545400F983B8 /* 100_100_black.png */,
				414705A31D4D545400F983B8 /* 100_100_gray.png */,
				414705A41D4D545400F983B8 /* 100_100_white.png */,
			);
			path = resources;
			sourceTree = "<group>";
		};
		FE2B30D3B645564E163F0C71 /* Frameworks */ = {
			isa = PBXGroup;
			children = (
			);
			name = Frameworks;
			sourceTree = "<group>";
		};
/* End PBXGroup section */

/* Begin PBXNativeTarget section */
		0B2890DE1CE2730C009E605A /* MDFTextAccessibility */ = {
			isa = PBXNativeTarget;
			buildConfigurationList = 0B2890E61CE2730C009E605A /* Build configuration list for PBXNativeTarget "MDFTextAccessibility" */;
			buildPhases = (
				0B2890DB1CE2730C009E605A /* Sources */,
				0B2890DC1CE2730C009E605A /* Frameworks */,
				0B2890DD1CE2730C009E605A /* CopyFiles */,
			);
			buildRules = (
			);
			dependencies = (
			);
			name = MDFTextAccessibility;
			productName = MDFTextAccessibility;
			productReference = 0B2890DF1CE2730C009E605A /* libMDFTextAccessibility.a */;
			productType = "com.apple.product-type.library.static";
		};
		0BDAE3DF1CECD3A6003323B9 /* MDFTextAccessibilityUnitTests */ = {
			isa = PBXNativeTarget;
			buildConfigurationList = 0BDAE3E81CECD3A6003323B9 /* Build configuration list for PBXNativeTarget "MDFTextAccessibilityUnitTests" */;
			buildPhases = (
				0BDAE3DC1CECD3A6003323B9 /* Sources */,
				0BDAE3DD1CECD3A6003323B9 /* Frameworks */,
				0BDAE3DE1CECD3A6003323B9 /* Resources */,
			);
			buildRules = (
			);
			dependencies = (
				0BDAE3E71CECD3A6003323B9 /* PBXTargetDependency */,
			);
			name = MDFTextAccessibilityUnitTests;
			productName = MDFTextAccessibilityUnitTests;
			productReference = 0BDAE3E01CECD3A6003323B9 /* MDFTextAccessibilityUnitTests.xctest */;
			productType = "com.apple.product-type.bundle.unit-test";
		};
/* End PBXNativeTarget section */

/* Begin PBXProject section */
		0B2890D31CE27291009E605A /* Project object */ = {
			isa = PBXProject;
			attributes = {
				LastSwiftUpdateCheck = 0730;
				LastUpgradeCheck = 0730;
				TargetAttributes = {
					0B2890DE1CE2730C009E605A = {
						CreatedOnToolsVersion = 7.3;
						LastSwiftMigration = 0800;
					};
					0BDAE3DF1CECD3A6003323B9 = {
						CreatedOnToolsVersion = 7.2;
						LastSwiftMigration = 0800;
					};
				};
			};
			buildConfigurationList = 0B2890D61CE27291009E605A /* Build configuration list for PBXProject "MDFTextAccessibility" */;
			compatibilityVersion = "Xcode 3.2";
			developmentRegion = English;
			hasScannedForEncodings = 0;
			knownRegions = (
				en,
			);
			mainGroup = 0B2890D21CE27291009E605A;
			productRefGroup = 0B2890E01CE2730C009E605A /* Products */;
			projectDirPath = "";
			projectRoot = "";
			targets = (
				0B2890DE1CE2730C009E605A /* MDFTextAccessibility */,
				0BDAE3DF1CECD3A6003323B9 /* MDFTextAccessibilityUnitTests */,
			);
		};
/* End PBXProject section */

/* Begin PBXResourcesBuildPhase section */
		0BDAE3DE1CECD3A6003323B9 /* Resources */ = {
			isa = PBXResourcesBuildPhase;
			buildActionMask = 2147483647;
			files = (
				414705A61D4D54CE00F983B8 /* 100_100_gray.png in Resources */,
				414705A71D4D54CE00F983B8 /* 100_100_white.png in Resources */,
				414705A51D4D54CE00F983B8 /* 100_100_black.png in Resources */,
			);
			runOnlyForDeploymentPostprocessing = 0;
		};
/* End PBXResourcesBuildPhase section */

/* Begin PBXSourcesBuildPhase section */
		0B2890DB1CE2730C009E605A /* Sources */ = {
			isa = PBXSourcesBuildPhase;
			buildActionMask = 2147483647;
			files = (
				0B2890E91CE2732B009E605A /* MDFTextAccessibility.m in Sources */,
				0B06FEF41CE6342C00244A36 /* MDFColorCalculations.m in Sources */,
				0BDAE3D81CECC649003323B9 /* NSArray+MDFUtils.m in Sources */,
				0BDAE3DA1CECD231003323B9 /* MDFImageCalculations.m in Sources */,
			);
			runOnlyForDeploymentPostprocessing = 0;
		};
		0BDAE3DC1CECD3A6003323B9 /* Sources */ = {
			isa = PBXSourcesBuildPhase;
			buildActionMask = 2147483647;
			files = (
				0BF99E7A1CF4F39200E6F9B9 /* MDFTextAccessibilityUnitTests.swift in Sources */,
			);
			runOnlyForDeploymentPostprocessing = 0;
		};
/* End PBXSourcesBuildPhase section */

/* Begin PBXTargetDependency section */
		0BDAE3E71CECD3A6003323B9 /* PBXTargetDependency */ = {
			isa = PBXTargetDependency;
			target = 0B2890DE1CE2730C009E605A /* MDFTextAccessibility */;
			targetProxy = 0BDAE3E61CECD3A6003323B9 /* PBXContainerItemProxy */;
		};
/* End PBXTargetDependency section */

/* Begin XCBuildConfiguration section */
		0B2890D71CE27291009E605A /* Debug */ = {
			isa = XCBuildConfiguration;
			baseConfigurationReference = 0B96D67A1D5CD06100491BDC /* MDFTextAccessibility.xcconfig */;
			buildSettings = {
				ENABLE_TESTABILITY = YES;
				GCC_TREAT_WARNINGS_AS_ERRORS = YES;
				IPHONEOS_DEPLOYMENT_TARGET = 8.0;
				ONLY_ACTIVE_ARCH = YES;
				WARNING_CFLAGS = "-Wall";
			};
			name = Debug;
		};
		0B2890D81CE27291009E605A /* Release */ = {
			isa = XCBuildConfiguration;
			baseConfigurationReference = 0B96D67A1D5CD06100491BDC /* MDFTextAccessibility.xcconfig */;
			buildSettings = {
				GCC_TREAT_WARNINGS_AS_ERRORS = YES;
				IPHONEOS_DEPLOYMENT_TARGET = 8.0;
				WARNING_CFLAGS = "-Wall";
			};
			name = Release;
		};
		0B2890E71CE2730C009E605A /* Debug */ = {
			isa = XCBuildConfiguration;
			baseConfigurationReference = 0B96D67A1D5CD06100491BDC /* MDFTextAccessibility.xcconfig */;
			buildSettings = {
				ALWAYS_SEARCH_USER_PATHS = NO;
				CLANG_ANALYZER_NONNULL = YES;
				CLANG_CXX_LANGUAGE_STANDARD = "gnu++0x";
				CLANG_CXX_LIBRARY = "libc++";
				CLANG_ENABLE_MODULES = YES;
				CLANG_ENABLE_OBJC_ARC = YES;
				CLANG_WARN_BOOL_CONVERSION = YES;
				CLANG_WARN_CONSTANT_CONVERSION = YES;
				CLANG_WARN_DIRECT_OBJC_ISA_USAGE = YES_ERROR;
				CLANG_WARN_EMPTY_BODY = YES;
				CLANG_WARN_ENUM_CONVERSION = YES;
				CLANG_WARN_INT_CONVERSION = YES;
				CLANG_WARN_OBJC_ROOT_CLASS = YES_ERROR;
				CLANG_WARN_UNREACHABLE_CODE = YES;
				CLANG_WARN__DUPLICATE_METHOD_MATCH = YES;
				"CODE_SIGN_IDENTITY[sdk=iphoneos*]" = "iPhone Developer";
				COPY_PHASE_STRIP = NO;
				DEBUG_INFORMATION_FORMAT = dwarf;
				ENABLE_STRICT_OBJC_MSGSEND = YES;
				ENABLE_TESTABILITY = YES;
				GCC_C_LANGUAGE_STANDARD = gnu99;
				GCC_DYNAMIC_NO_PIC = NO;
				GCC_GENERATE_TEST_COVERAGE_FILES = YES;
				GCC_INSTRUMENT_PROGRAM_FLOW_ARCS = YES;
				GCC_NO_COMMON_BLOCKS = YES;
				GCC_OPTIMIZATION_LEVEL = 0;
				GCC_PREPROCESSOR_DEFINITIONS = (
					"DEBUG=1",
					"$(inherited)",
				);
				GCC_WARN_64_TO_32_BIT_CONVERSION = YES;
				GCC_WARN_ABOUT_RETURN_TYPE = YES_ERROR;
				GCC_WARN_UNDECLARED_SELECTOR = YES;
				GCC_WARN_UNINITIALIZED_AUTOS = YES_AGGRESSIVE;
				GCC_WARN_UNUSED_FUNCTION = YES;
				GCC_WARN_UNUSED_VARIABLE = YES;
				IPHONEOS_DEPLOYMENT_TARGET = 8.0;
				LD_RUNPATH_SEARCH_PATHS = "$(inherited) @executable_path/Frameworks @loader_path/Frameworks";
				MODULEMAP_FILE = src/module.modulemap;
				MTL_ENABLE_DEBUG_INFO = YES;
				ONLY_ACTIVE_ARCH = YES;
				OTHER_LDFLAGS = (
					"$(inherited)",
					"-ObjC",
				);
				PRODUCT_NAME = "$(TARGET_NAME)";
				SDKROOT = iphoneos;
				SKIP_INSTALL = YES;
				SWIFT_OBJC_BRIDGING_HEADER = "tests/unit/MDFTextAccessibility-Bridging-Header.h";
				SWIFT_OPTIMIZATION_LEVEL = "-Onone";
				SWIFT_VERSION = 3.0;
			};
			name = Debug;
		};
		0B2890E81CE2730C009E605A /* Release */ = {
			isa = XCBuildConfiguration;
			baseConfigurationReference = 0B96D67A1D5CD06100491BDC /* MDFTextAccessibility.xcconfig */;
			buildSettings = {
				ALWAYS_SEARCH_USER_PATHS = NO;
				CLANG_ANALYZER_NONNULL = YES;
				CLANG_CXX_LANGUAGE_STANDARD = "gnu++0x";
				CLANG_CXX_LIBRARY = "libc++";
				CLANG_ENABLE_CODE_COVERAGE = NO;
				CLANG_ENABLE_MODULES = YES;
				CLANG_ENABLE_OBJC_ARC = YES;
				CLANG_WARN_BOOL_CONVERSION = YES;
				CLANG_WARN_CONSTANT_CONVERSION = YES;
				CLANG_WARN_DIRECT_OBJC_ISA_USAGE = YES_ERROR;
				CLANG_WARN_EMPTY_BODY = YES;
				CLANG_WARN_ENUM_CONVERSION = YES;
				CLANG_WARN_INT_CONVERSION = YES;
				CLANG_WARN_OBJC_ROOT_CLASS = YES_ERROR;
				CLANG_WARN_UNREACHABLE_CODE = YES;
				CLANG_WARN__DUPLICATE_METHOD_MATCH = YES;
				"CODE_SIGN_IDENTITY[sdk=iphoneos*]" = "iPhone Developer";
				COPY_PHASE_STRIP = NO;
				DEBUG_INFORMATION_FORMAT = "dwarf-with-dsym";
				ENABLE_NS_ASSERTIONS = NO;
				ENABLE_STRICT_OBJC_MSGSEND = YES;
				GCC_C_LANGUAGE_STANDARD = gnu99;
				GCC_NO_COMMON_BLOCKS = YES;
				GCC_WARN_64_TO_32_BIT_CONVERSION = YES;
				GCC_WARN_ABOUT_RETURN_TYPE = YES_ERROR;
				GCC_WARN_UNDECLARED_SELECTOR = YES;
				GCC_WARN_UNINITIALIZED_AUTOS = YES_AGGRESSIVE;
				GCC_WARN_UNUSED_FUNCTION = YES;
				GCC_WARN_UNUSED_VARIABLE = YES;
				IPHONEOS_DEPLOYMENT_TARGET = 8.0;
				LD_RUNPATH_SEARCH_PATHS = "$(inherited) @executable_path/Frameworks @loader_path/Frameworks";
				MODULEMAP_FILE = src/module.modulemap;
				MTL_ENABLE_DEBUG_INFO = NO;
				OTHER_LDFLAGS = (
					"$(inherited)",
					"-ObjC",
				);
				PRODUCT_NAME = "$(TARGET_NAME)";
				SDKROOT = iphoneos;
				SKIP_INSTALL = YES;
				SWIFT_OBJC_BRIDGING_HEADER = "tests/unit/MDFTextAccessibility-Bridging-Header.h";
				SWIFT_VERSION = 3.0;
				VALIDATE_PRODUCT = YES;
			};
			name = Release;
		};
		0BDAE3E91CECD3A6003323B9 /* Debug */ = {
			isa = XCBuildConfiguration;
			baseConfigurationReference = 0B96D67A1D5CD06100491BDC /* MDFTextAccessibility.xcconfig */;
			buildSettings = {
				ALWAYS_SEARCH_USER_PATHS = NO;
				CLANG_CXX_LANGUAGE_STANDARD = "gnu++0x";
				CLANG_CXX_LIBRARY = "libc++";
				CLANG_ENABLE_MODULES = YES;
				CLANG_ENABLE_OBJC_ARC = YES;
				CLANG_WARN_BOOL_CONVERSION = YES;
				CLANG_WARN_CONSTANT_CONVERSION = YES;
				CLANG_WARN_DIRECT_OBJC_ISA_USAGE = YES_ERROR;
				CLANG_WARN_EMPTY_BODY = YES;
				CLANG_WARN_ENUM_CONVERSION = YES;
				CLANG_WARN_INT_CONVERSION = YES;
				CLANG_WARN_OBJC_ROOT_CLASS = YES_ERROR;
				CLANG_WARN_UNREACHABLE_CODE = YES;
				CLANG_WARN__DUPLICATE_METHOD_MATCH = YES;
				"CODE_SIGN_IDENTITY[sdk=iphoneos*]" = "iPhone Developer";
				COPY_PHASE_STRIP = NO;
				DEBUG_INFORMATION_FORMAT = dwarf;
				ENABLE_STRICT_OBJC_MSGSEND = YES;
				ENABLE_TESTABILITY = YES;
				GCC_C_LANGUAGE_STANDARD = gnu99;
				GCC_DYNAMIC_NO_PIC = NO;
				GCC_NO_COMMON_BLOCKS = YES;
				GCC_OPTIMIZATION_LEVEL = 0;
				GCC_PREPROCESSOR_DEFINITIONS = (
					"DEBUG=1",
					"$(inherited)",
				);
				GCC_WARN_64_TO_32_BIT_CONVERSION = YES;
				GCC_WARN_ABOUT_RETURN_TYPE = YES_ERROR;
				GCC_WARN_UNDECLARED_SELECTOR = YES;
				GCC_WARN_UNINITIALIZED_AUTOS = YES_AGGRESSIVE;
				GCC_WARN_UNUSED_FUNCTION = YES;
				GCC_WARN_UNUSED_VARIABLE = YES;
				INFOPLIST_FILE = tests/unit/Info.plist;
				IPHONEOS_DEPLOYMENT_TARGET = 9.2;
				LD_RUNPATH_SEARCH_PATHS = "$(inherited) @executable_path/Frameworks @loader_path/Frameworks";
				MTL_ENABLE_DEBUG_INFO = YES;
				ONLY_ACTIVE_ARCH = YES;
				OTHER_LDFLAGS = (
					"$(inherited)",
					"-ObjC",
				);
				PRODUCT_BUNDLE_IDENTIFIER = com.google.MDFTextAccessibilityUnitTests;
				PRODUCT_NAME = "$(TARGET_NAME)";
				SDKROOT = iphoneos;
				SWIFT_INCLUDE_PATHS = src;
				SWIFT_OBJC_BRIDGING_HEADER = "src/MDFTextAccessibility-Bridging-Header.h";
				SWIFT_OPTIMIZATION_LEVEL = "-Onone";
				SWIFT_VERSION = 3.0;
			};
			name = Debug;
		};
		0BDAE3EA1CECD3A6003323B9 /* Release */ = {
			isa = XCBuildConfiguration;
			baseConfigurationReference = 0B96D67A1D5CD06100491BDC /* MDFTextAccessibility.xcconfig */;
			buildSettings = {
				ALWAYS_SEARCH_USER_PATHS = NO;
				CLANG_CXX_LANGUAGE_STANDARD = "gnu++0x";
				CLANG_CXX_LIBRARY = "libc++";
				CLANG_ENABLE_MODULES = YES;
				CLANG_ENABLE_OBJC_ARC = YES;
				CLANG_WARN_BOOL_CONVERSION = YES;
				CLANG_WARN_CONSTANT_CONVERSION = YES;
				CLANG_WARN_DIRECT_OBJC_ISA_USAGE = YES_ERROR;
				CLANG_WARN_EMPTY_BODY = YES;
				CLANG_WARN_ENUM_CONVERSION = YES;
				CLANG_WARN_INT_CONVERSION = YES;
				CLANG_WARN_OBJC_ROOT_CLASS = YES_ERROR;
				CLANG_WARN_UNREACHABLE_CODE = YES;
				CLANG_WARN__DUPLICATE_METHOD_MATCH = YES;
				"CODE_SIGN_IDENTITY[sdk=iphoneos*]" = "iPhone Developer";
				COPY_PHASE_STRIP = NO;
				DEBUG_INFORMATION_FORMAT = "dwarf-with-dsym";
				ENABLE_NS_ASSERTIONS = NO;
				ENABLE_STRICT_OBJC_MSGSEND = YES;
				GCC_C_LANGUAGE_STANDARD = gnu99;
				GCC_NO_COMMON_BLOCKS = YES;
				GCC_WARN_64_TO_32_BIT_CONVERSION = YES;
				GCC_WARN_ABOUT_RETURN_TYPE = YES_ERROR;
				GCC_WARN_UNDECLARED_SELECTOR = YES;
				GCC_WARN_UNINITIALIZED_AUTOS = YES_AGGRESSIVE;
				GCC_WARN_UNUSED_FUNCTION = YES;
				GCC_WARN_UNUSED_VARIABLE = YES;
				INFOPLIST_FILE = tests/unit/Info.plist;
				IPHONEOS_DEPLOYMENT_TARGET = 9.2;
				LD_RUNPATH_SEARCH_PATHS = "$(inherited) @executable_path/Frameworks @loader_path/Frameworks";
				MTL_ENABLE_DEBUG_INFO = NO;
				OTHER_LDFLAGS = (
					"$(inherited)",
					"-ObjC",
				);
				PRODUCT_BUNDLE_IDENTIFIER = com.google.MDFTextAccessibilityUnitTests;
				PRODUCT_NAME = "$(TARGET_NAME)";
				SDKROOT = iphoneos;
				SWIFT_INCLUDE_PATHS = src;
				SWIFT_OBJC_BRIDGING_HEADER = "src/MDFTextAccessibility-Bridging-Header.h";
				SWIFT_VERSION = 3.0;
				VALIDATE_PRODUCT = YES;
			};
			name = Release;
		};
/* End XCBuildConfiguration section */

/* Begin XCConfigurationList section */
		0B2890D61CE27291009E605A /* Build configuration list for PBXProject "MDFTextAccessibility" */ = {
			isa = XCConfigurationList;
			buildConfigurations = (
				0B2890D71CE27291009E605A /* Debug */,
				0B2890D81CE27291009E605A /* Release */,
			);
			defaultConfigurationIsVisible = 0;
			defaultConfigurationName = Release;
		};
		0B2890E61CE2730C009E605A /* Build configuration list for PBXNativeTarget "MDFTextAccessibility" */ = {
			isa = XCConfigurationList;
			buildConfigurations = (
				0B2890E71CE2730C009E605A /* Debug */,
				0B2890E81CE2730C009E605A /* Release */,
			);
			defaultConfigurationIsVisible = 0;
			defaultConfigurationName = Release;
		};
		0BDAE3E81CECD3A6003323B9 /* Build configuration list for PBXNativeTarget "MDFTextAccessibilityUnitTests" */ = {
			isa = XCConfigurationList;
			buildConfigurations = (
				0BDAE3E91CECD3A6003323B9 /* Debug */,
				0BDAE3EA1CECD3A6003323B9 /* Release */,
			);
			defaultConfigurationIsVisible = 0;
			defaultConfigurationName = Release;
		};
/* End XCConfigurationList section */
	};
	rootObject = 0B2890D31CE27291009E605A /* Project object */;
}
