PODS:
  - MDFTextAccessibility (1.0.0)

DEPENDENCIES:
  - MDFTextAccessibility (from `https://github.com/google/material-text-accessibility-ios.git`)

EXTERNAL SOURCES:
  MDFTextAccessibility:
    :git: https://github.com/google/material-text-accessibility-ios.git

CHECKOUT OPTIONS:
  MDFTextAccessibility:
    :commit: d4cd3485174711aface1b88fc2c01b05aea3745f
    :git: https://github.com/google/material-text-accessibility-ios.git

SPEC CHECKSUMS:
  MDFTextAccessibility: a999f82c39d6c97df2b1c5870c0abe26171139e3

COCOAPODS: 0.39.0
