PODS:
  - MDFTextAccessibility (1.1.2)

DEPENDENCIES:
  - MDFTextAccessibility (from `../../..`)

EXTERNAL SOURCES:
  MDFTextAccessibility:
    :path: "../../.."

SPEC CHECKSUMS:
  MDFTextAccessibility: bc8fa345c4e5dfbf6091abc38e2e3d983edc05d4

PODFILE CHECKSUM: ba1d198039c6b887cc904c2b80f4ae8bc213c6fd

COCOAPODS: 1.0.1
