PODS:
  - MDFTextAccessibility (1.0.0)

DEPENDENCIES:
  - MDFTextAccessibility (from `../../..`)

EXTERNAL SOURCES:
  MDFTextAccessibility:
    :path: ../../..

SPEC CHECKSUMS:
  MDFTextAccessibility: 15f5f7b8c3b50b308cc32715d1f46a1344f3d4c7

PODFILE CHECKSUM: ba1d198039c6b887cc904c2b80f4ae8bc213c6fd

COCOAPODS: 1.0.0
