PODS:
  - MDFTextAccessibility (1.1.3)

DEPENDENCIES:
  - MDFTextAccessibility (from `../../..`)

EXTERNAL SOURCES:
  MDFTextAccessibility:
    :path: "../../.."

SPEC CHECKSUMS:
  MDFTextAccessibility: 22a288710939a6dd47a411c5910e365dd3ee8009

PODFILE CHECKSUM: ba1d198039c6b887cc904c2b80f4ae8bc213c6fd

COCOAPODS: 1.1.1
